
Microsoft Visual Studio Solution File, Format Version 12.00
# Visual Studio Version 17
VisualStudioVersion = 17.13.35825.156 d17.13
MinimumVisualStudioVersion = 10.0.40219.1
Project("{FAE04EC0-301F-11D3-BF4B-00C04F79EFBC}") = "Krajcovic_Matej", "Krajcovic_Matej\Krajcovic_Matej.csproj", "{94EC907E-715D-4241-A36E-AE3EFA486CDF}"
EndProject
Global
	GlobalSection(SolutionConfigurationPlatforms) = preSolution
		Debug|Any CPU = Debug|Any CPU
		Release|Any CPU = Release|Any CPU
	EndGlobalSection
	GlobalSection(ProjectConfigurationPlatforms) = postSolution
		{94EC907E-715D-4241-A36E-AE3EFA486CDF}.Debug|Any CPU.ActiveCfg = Debug|Any CPU
		{94EC907E-715D-4241-A36E-AE3EFA486CDF}.Debug|Any CPU.Build.0 = Debug|Any CPU
		{94EC907E-715D-4241-A36E-AE3EFA486CDF}.Release|Any CPU.ActiveCfg = Release|Any CPU
		{94EC907E-715D-4241-A36E-AE3EFA486CDF}.Release|Any CPU.Build.0 = Release|Any CPU
	EndGlobalSection
	GlobalSection(SolutionProperties) = preSolution
		HideSolutionNode = FALSE
	EndGlobalSection
	GlobalSection(ExtensibilityGlobals) = postSolution
		SolutionGuid = {AB401DA7-9227-494E-8579-9EB73EE93296}
	EndGlobalSection
EndGlobal
